// !$*UTF8*$!
{
	archiveVersion = 1;
	classes = {
	};
	objectVersion = 48;
	objects = {

/* Begin PBXBuildFile section */
		164361981FCC08740049D412 /* AppDelegate.m in Sources */ = {isa = PBXBuildFile; fileRef = 164361971FCC08740049D412 /* AppDelegate.m */; };
		1643619B1FCC08740049D412 /* ViewController.m in Sources */ = {isa = PBXBuildFile; fileRef = 1643619A1FCC08740049D412 /* ViewController.m */; };
		1643619E1FCC08740049D412 /* Main.storyboard in Resources */ = {isa = PBXBuildFile; fileRef = 1643619C1FCC08740049D412 /* Main.storyboard */; };
		164361A01FCC08740049D412 /* Assets.xcassets in Resources */ = {isa = PBXBuildFile; fileRef = 1643619F1FCC08740049D412 /* Assets.xcassets */; };
		164361A31FCC08740049D412 /* LaunchScreen.storyboard in Resources */ = {isa = PBXBuildFile; fileRef = 164361A11FCC08740049D412 /* LaunchScreen.storyboard */; };
		164361A61FCC08740049D412 /* main.m in Sources */ = {isa = PBXBuildFile; fileRef = 164361A51FCC08740049D412 /* main.m */; };
		164361AE1FCC16A20049D412 /* MJViewController.m in Sources */ = {isa = PBXBuildFile; fileRef = 164361AD1FCC16A20049D412 /* MJViewController.m */; };
/* End PBXBuildFile section */

/* Begin PBXFileReference section */
		164361931FCC08740049D412 /* 滑动.app */ = {isa = PBXFileReference; explicitFileType = wrapper.application; includeInIndex = 0; path = "滑动.app"; sourceTree = BUILT_PRODUCTS_DIR; };
		164361961FCC08740049D412 /* AppDelegate.h */ = {isa = PBXFileReference; lastKnownFileType = sourcecode.c.h; path = AppDelegate.h; sourceTree = "<group>"; };
		164361971FCC08740049D412 /* AppDelegate.m */ = {isa = PBXFileReference; lastKnownFileType = sourcecode.c.objc; path = AppDelegate.m; sourceTree = "<group>"; };
		164361991FCC08740049D412 /* ViewController.h */ = {isa = PBXFileReference; lastKnownFileType = sourcecode.c.h; path = ViewController.h; sourceTree = "<group>"; };
		1643619A1FCC08740049D412 /* ViewController.m */ = {isa = PBXFileReference; lastKnownFileType = sourcecode.c.objc; path = ViewController.m; sourceTree = "<group>"; };
		1643619D1FCC08740049D412 /* Base */ = {isa = PBXFileReference; lastKnownFileType = file.storyboard; name = Base; path = Base.lproj/Main.storyboard; sourceTree = "<group>"; };
		1643619F1FCC08740049D412 /* Assets.xcassets */ = {isa = PBXFileReference; lastKnownFileType = folder.assetcatalog; path = Assets.xcassets; sourceTree = "<group>"; };
		164361A21FCC08740049D412 /* Base */ = {isa = PBXFileReference; lastKnownFileType = file.storyboard; name = Base; path = Base.lproj/LaunchScreen.storyboard; sourceTree = "<group>"; };
		164361A41FCC08740049D412 /* Info.plist */ = {isa = PBXFileReference; lastKnownFileType = text.plist.xml; path = Info.plist; sourceTree = "<group>"; };
		164361A51FCC08740049D412 /* main.m */ = {isa = PBXFileReference; lastKnownFileType = sourcecode.c.objc; path = main.m; sourceTree = "<group>"; };
		164361AC1FCC16A20049D412 /* MJViewController.h */ = {isa = PBXFileReference; lastKnownFileType = sourcecode.c.h; path = MJViewController.h; sourceTree = "<group>"; };
		164361AD1FCC16A20049D412 /* MJViewController.m */ = {isa = PBXFileReference; lastKnownFileType = sourcecode.c.objc; path = MJViewController.m; sourceTree = "<group>"; };
/* End PBXFileReference section */

/* Begin PBXFrameworksBuildPhase section */
		164361901FCC08740049D412 /* Frameworks */ = {
			isa = PBXFrameworksBuildPhase;
			buildActionMask = 2147483647;
			files = (
			);
			runOnlyForDeploymentPostprocessing = 0;
		};
/* End PBXFrameworksBuildPhase section */

/* Begin PBXGroup section */
		1643618A1FCC08740049D412 = {
			isa = PBXGroup;
			children = (
				164361951FCC08740049D412 /* 滑动 */,
				164361941FCC08740049D412 /* Products */,
			);
			sourceTree = "<group>";
		};
		164361941FCC08740049D412 /* Products */ = {
			isa = PBXGroup;
			children = (
				164361931FCC08740049D412 /* 滑动.app */,
			);
			name = Products;
			sourceTree = "<group>";
		};
		164361951FCC08740049D412 /* 滑动 */ = {
			isa = PBXGroup;
			children = (
				164361961FCC08740049D412 /* AppDelegate.h */,
				164361971FCC08740049D412 /* AppDelegate.m */,
				164361991FCC08740049D412 /* ViewController.h */,
				1643619A1FCC08740049D412 /* ViewController.m */,
				164361AC1FCC16A20049D412 /* MJViewController.h */,
				164361AD1FCC16A20049D412 /* MJViewController.m */,
				1643619C1FCC08740049D412 /* Main.storyboard */,
				1643619F1FCC08740049D412 /* Assets.xcassets */,
				164361A11FCC08740049D412 /* LaunchScreen.storyboard */,
				164361A41FCC08740049D412 /* Info.plist */,
				164361A51FCC08740049D412 /* main.m */,
			);
			path = "滑动";
			sourceTree = "<group>";
		};
/* End PBXGroup section */

/* Begin PBXNativeTarget section */
		164361921FCC08740049D412 /* 滑动 */ = {
			isa = PBXNativeTarget;
			buildConfigurationList = 164361A91FCC08740049D412 /* Build configuration list for PBXNativeTarget "滑动" */;
			buildPhases = (
				1643618F1FCC08740049D412 /* Sources */,
				164361901FCC08740049D412 /* Frameworks */,
				164361911FCC08740049D412 /* Resources */,
			);
			buildRules = (
			);
			dependencies = (
			);
			name = "滑动";
			productName = "滑动";
			productReference = 164361931FCC08740049D412 /* 滑动.app */;
			productType = "com.apple.product-type.application";
		};
/* End PBXNativeTarget section */

/* Begin PBXProject section */
		1643618B1FCC08740049D412 /* Project object */ = {
			isa = PBXProject;
			attributes = {
				LastUpgradeCheck = 0910;
				ORGANIZATIONNAME = "Snail-zk";
				TargetAttributes = {
					164361921FCC08740049D412 = {
						CreatedOnToolsVersion = 9.1;
						ProvisioningStyle = Automatic;
					};
				};
			};
			buildConfigurationList = 1643618E1FCC08740049D412 /* Build configuration list for PBXProject "滑动" */;
			compatibilityVersion = "Xcode 8.0";
			developmentRegion = en;
			hasScannedForEncodings = 0;
			knownRegions = (
				en,
				Base,
			);
			mainGroup = 1643618A1FCC08740049D412;
			productRefGroup = 164361941FCC08740049D412 /* Products */;
			projectDirPath = "";
			projectRoot = "";
			targets = (
				164361921FCC08740049D412 /* 滑动 */,
			);
		};
/* End PBXProject section */

/* Begin PBXResourcesBuildPhase section */
		164361911FCC08740049D412 /* Resources */ = {
			isa = PBXResourcesBuildPhase;
			buildActionMask = 2147483647;
			files = (
				164361A31FCC08740049D412 /* LaunchScreen.storyboard in Resources */,
				164361A01FCC08740049D412 /* Assets.xcassets in Resources */,
				1643619E1FCC08740049D412 /* Main.storyboard in Resources */,
			);
			runOnlyForDeploymentPostprocessing = 0;
		};
/* End PBXResourcesBuildPhase section */

/* Begin PBXSourcesBuildPhase section */
		1643618F1FCC08740049D412 /* Sources */ = {
			isa = PBXSourcesBuildPhase;
			buildActionMask = 2147483647;
			files = (
				1643619B1FCC08740049D412 /* ViewController.m in Sources */,
				164361A61FCC08740049D412 /* main.m in Sources */,
				164361981FCC08740049D412 /* AppDelegate.m in Sources */,
				164361AE1FCC16A20049D412 /* MJViewController.m in Sources */,
			);
			runOnlyForDeploymentPostprocessing = 0;
		};
/* End PBXSourcesBuildPhase section */

/* Begin PBXVariantGroup section */
		1643619C1FCC08740049D412 /* Main.storyboard */ = {
			isa = PBXVariantGroup;
			children = (
				1643619D1FCC08740049D412 /* Base */,
			);
			name = Main.storyboard;
			sourceTree = "<group>";
		};
		164361A11FCC08740049D412 /* LaunchScreen.storyboard */ = {
			isa = PBXVariantGroup;
			children = (
				164361A21FCC08740049D412 /* Base */,
			);
			name = LaunchScreen.storyboard;
			sourceTree = "<group>";
		};
/* End PBXVariantGroup section */

/* Begin XCBuildConfiguration section */
		164361A71FCC08740049D412 /* Debug */ = {
			isa = XCBuildConfiguration;
			buildSettings = {
				ALWAYS_SEARCH_USER_PATHS = NO;
				CLANG_ANALYZER_NONNULL = YES;
				CLANG_ANALYZER_NUMBER_OBJECT_CONVERSION = YES_AGGRESSIVE;
				CLANG_CXX_LANGUAGE_STANDARD = "gnu++14";
				CLANG_CXX_LIBRARY = "libc++";
				CLANG_ENABLE_MODULES = YES;
				CLANG_ENABLE_OBJC_ARC = YES;
				CLANG_WARN_BLOCK_CAPTURE_AUTORELEASING = YES;
				CLANG_WARN_BOOL_CONVERSION = YES;
				CLANG_WARN_COMMA = YES;
				CLANG_WARN_CONSTANT_CONVERSION = YES;
				CLANG_WARN_DIRECT_OBJC_ISA_USAGE = YES_ERROR;
				CLANG_WARN_DOCUMENTATION_COMMENTS = YES;
				CLANG_WARN_EMPTY_BODY = YES;
				CLANG_WARN_ENUM_CONVERSION = YES;
				CLANG_WARN_INFINITE_RECURSION = YES;
				CLANG_WARN_INT_CONVERSION = YES;
				CLANG_WARN_NON_LITERAL_NULL_CONVERSION = YES;
				CLANG_WARN_OBJC_LITERAL_CONVERSION = YES;
				CLANG_WARN_OBJC_ROOT_CLASS = YES_ERROR;
				CLANG_WARN_RANGE_LOOP_ANALYSIS = YES;
				CLANG_WARN_STRICT_PROTOTYPES = YES;
				CLANG_WARN_SUSPICIOUS_MOVE = YES;
				CLANG_WARN_UNGUARDED_AVAILABILITY = YES_AGGRESSIVE;
				CLANG_WARN_UNREACHABLE_CODE = YES;
				CLANG_WARN__DUPLICATE_METHOD_MATCH = YES;
				CODE_SIGN_IDENTITY = "iPhone Developer";
				COPY_PHASE_STRIP = NO;
				DEBUG_INFORMATION_FORMAT = dwarf;
				ENABLE_STRICT_OBJC_MSGSEND = YES;
				ENABLE_TESTABILITY = YES;
				GCC_C_LANGUAGE_STANDARD = gnu11;
				GCC_DYNAMIC_NO_PIC = NO;
				GCC_NO_COMMON_BLOCKS = YES;
				GCC_OPTIMIZATION_LEVEL = 0;
				GCC_PREPROCESSOR_DEFINITIONS = (
					"DEBUG=1",
					"$(inherited)",
				);
				GCC_WARN_64_TO_32_BIT_CONVERSION = YES;
				GCC_WARN_ABOUT_RETURN_TYPE = YES_ERROR;
				GCC_WARN_UNDECLARED_SELECTOR = YES;
				GCC_WARN_UNINITIALIZED_AUTOS = YES_AGGRESSIVE;
				GCC_WARN_UNUSED_FUNCTION = YES;
				GCC_WARN_UNUSED_VARIABLE = YES;
				IPHONEOS_DEPLOYMENT_TARGET = 11.1;
				MTL_ENABLE_DEBUG_INFO = YES;
				ONLY_ACTIVE_ARCH = YES;
				SDKROOT = iphoneos;
			};
			name = Debug;
		};
		164361A81FCC08740049D412 /* Release */ = {
			isa = XCBuildConfiguration;
			buildSettings = {
				ALWAYS_SEARCH_USER_PATHS = NO;
				CLANG_ANALYZER_NONNULL = YES;
				CLANG_ANALYZER_NUMBER_OBJECT_CONVERSION = YES_AGGRESSIVE;
				CLANG_CXX_LANGUAGE_STANDARD = "gnu++14";
				CLANG_CXX_LIBRARY = "libc++";
				CLANG_ENABLE_MODULES = YES;
				CLANG_ENABLE_OBJC_ARC = YES;
				CLANG_WARN_BLOCK_CAPTURE_AUTORELEASING = YES;
				CLANG_WARN_BOOL_CONVERSION = YES;
				CLANG_WARN_COMMA = YES;
				CLANG_WARN_CONSTANT_CONVERSION = YES;
				CLANG_WARN_DIRECT_OBJC_ISA_USAGE = YES_ERROR;
				CLANG_WARN_DOCUMENTATION_COMMENTS = YES;
				CLANG_WARN_EMPTY_BODY = YES;
				CLANG_WARN_ENUM_CONVERSION = YES;
				CLANG_WARN_INFINITE_RECURSION = YES;
				CLANG_WARN_INT_CONVERSION = YES;
				CLANG_WARN_NON_LITERAL_NULL_CONVERSION = YES;
				CLANG_WARN_OBJC_LITERAL_CONVERSION = YES;
				CLANG_WARN_OBJC_ROOT_CLASS = YES_ERROR;
				CLANG_WARN_RANGE_LOOP_ANALYSIS = YES;
				CLANG_WARN_STRICT_PROTOTYPES = YES;
				CLANG_WARN_SUSPICIOUS_MOVE = YES;
				CLANG_WARN_UNGUARDED_AVAILABILITY = YES_AGGRESSIVE;
				CLANG_WARN_UNREACHABLE_CODE = YES;
				CLANG_WARN__DUPLICATE_METHOD_MATCH = YES;
				CODE_SIGN_IDENTITY = "iPhone Developer";
				COPY_PHASE_STRIP = NO;
				DEBUG_INFORMATION_FORMAT = "dwarf-with-dsym";
				ENABLE_NS_ASSERTIONS = NO;
				ENABLE_STRICT_OBJC_MSGSEND = YES;
				GCC_C_LANGUAGE_STANDARD = gnu11;
				GCC_NO_COMMON_BLOCKS = YES;
				GCC_WARN_64_TO_32_BIT_CONVERSION = YES;
				GCC_WARN_ABOUT_RETURN_TYPE = YES_ERROR;
				GCC_WARN_UNDECLARED_SELECTOR = YES;
				GCC_WARN_UNINITIALIZED_AUTOS = YES_AGGRESSIVE;
				GCC_WARN_UNUSED_FUNCTION = YES;
				GCC_WARN_UNUSED_VARIABLE = YES;
				IPHONEOS_DEPLOYMENT_TARGET = 11.1;
				MTL_ENABLE_DEBUG_INFO = NO;
				SDKROOT = iphoneos;
				VALIDATE_PRODUCT = YES;
			};
			name = Release;
		};
		164361AA1FCC08740049D412 /* Debug */ = {
			isa = XCBuildConfiguration;
			buildSettings = {
				ASSETCATALOG_COMPILER_APPICON_NAME = AppIcon;
				CODE_SIGN_STYLE = Automatic;
				DEVELOPMENT_TEAM = 3JDH8ASH9F;
				INFOPLIST_FILE = "滑动/Info.plist";
				LD_RUNPATH_SEARCH_PATHS = "$(inherited) @executable_path/Frameworks";
				PRODUCT_BUNDLE_IDENTIFIER = "zkg.--";
				PRODUCT_NAME = "$(TARGET_NAME)";
				TARGETED_DEVICE_FAMILY = "1,2";
			};
			name = Debug;
		};
		164361AB1FCC08740049D412 /* Release */ = {
			isa = XCBuildConfiguration;
			buildSettings = {
				ASSETCATALOG_COMPILER_APPICON_NAME = AppIcon;
				CODE_SIGN_STYLE = Automatic;
				DEVELOPMENT_TEAM = 3JDH8ASH9F;
				INFOPLIST_FILE = "滑动/Info.plist";
				LD_RUNPATH_SEARCH_PATHS = "$(inherited) @executable_path/Frameworks";
				PRODUCT_BUNDLE_IDENTIFIER = "zkg.--";
				PRODUCT_NAME = "$(TARGET_NAME)";
				TARGETED_DEVICE_FAMILY = "1,2";
			};
			name = Release;
		};
/* End XCBuildConfiguration section */

/* Begin XCConfigurationList section */
		1643618E1FCC08740049D412 /* Build configuration list for PBXProject "滑动" */ = {
			isa = XCConfigurationList;
			buildConfigurations = (
				164361A71FCC08740049D412 /* Debug */,
				164361A81FCC08740049D412 /* Release */,
			);
			defaultConfigurationIsVisible = 0;
			defaultConfigurationName = Release;
		};
		164361A91FCC08740049D412 /* Build configuration list for PBXNativeTarget "滑动" */ = {
			isa = XCConfigurationList;
			buildConfigurations = (
				164361AA1FCC08740049D412 /* Debug */,
				164361AB1FCC08740049D412 /* Release */,
			);
			defaultConfigurationIsVisible = 0;
			defaultConfigurationName = Release;
		};
/* End XCConfigurationList section */
	};
	rootObject = 1643618B1FCC08740049D412 /* Project object */;
}
